
Microsoft Visual Studio Solution File, Format Version 12.00
# Visual Studio 15
VisualStudioVersion = 15.0.28307.1259
MinimumVisualStudioVersion = 10.0.40219.1
Project("{9A19103F-16F7-4668-BE54-9A1E7A4F7556}") = "Entities", "Entities\Entities.csproj", "{6A97AFA7-7EC9-42AC-9893-CB9B74B29CA1}"
EndProject
Project("{9A19103F-16F7-4668-BE54-9A1E7A4F7556}") = "Business", "Business\Business.csproj", "{189A48FB-5D8C-41C7-9FAA-33FEB86AF93C}"
EndProject
Project("{9A19103F-16F7-4668-BE54-9A1E7A4F7556}") = "DataAccess", "DataAccess\DataAccess.csproj", "{62F2C52E-7ADD-4D25-B122-8FAF4CA916A4}"
EndProject
Project("{9A19103F-16F7-4668-BE54-9A1E7A4F7556}") = "ConsoleUI", "ConsoleUI\ConsoleUI.csproj", "{D0F84DE5-F14D-4E1C-94B8-53EA0A06791A}"
EndProject
Project("{FAE04EC0-301F-11D3-BF4B-00C04F79EFBC}") = "Core", "Core\Core.csproj", "{62C53FB5-1542-4C24-89A7-43F9A62C8002}"
EndProject
Global
	GlobalSection(SolutionConfigurationPlatforms) = preSolution
		Debug|Any CPU = Debug|Any CPU
		Release|Any CPU = Release|Any CPU
	EndGlobalSection
	GlobalSection(ProjectConfigurationPlatforms) = postSolution
		{6A97AFA7-7EC9-42AC-9893-CB9B74B29CA1}.Debug|Any CPU.ActiveCfg = Debug|Any CPU
		{6A97AFA7-7EC9-42AC-9893-CB9B74B29CA1}.Debug|Any CPU.Build.0 = Debug|Any CPU
		{6A97AFA7-7EC9-42AC-9893-CB9B74B29CA1}.Release|Any CPU.ActiveCfg = Release|Any CPU
		{6A97AFA7-7EC9-42AC-9893-CB9B74B29CA1}.Release|Any CPU.Build.0 = Release|Any CPU
		{189A48FB-5D8C-41C7-9FAA-33FEB86AF93C}.Debug|Any CPU.ActiveCfg = Debug|Any CPU
		{189A48FB-5D8C-41C7-9FAA-33FEB86AF93C}.Debug|Any CPU.Build.0 = Debug|Any CPU
		{189A48FB-5D8C-41C7-9FAA-33FEB86AF93C}.Release|Any CPU.ActiveCfg = Release|Any CPU
		{189A48FB-5D8C-41C7-9FAA-33FEB86AF93C}.Release|Any CPU.Build.0 = Release|Any CPU
		{62F2C52E-7ADD-4D25-B122-8FAF4CA916A4}.Debug|Any CPU.ActiveCfg = Debug|Any CPU
		{62F2C52E-7ADD-4D25-B122-8FAF4CA916A4}.Debug|Any CPU.Build.0 = Debug|Any CPU
		{62F2C52E-7ADD-4D25-B122-8FAF4CA916A4}.Release|Any CPU.ActiveCfg = Release|Any CPU
		{62F2C52E-7ADD-4D25-B122-8FAF4CA916A4}.Release|Any CPU.Build.0 = Release|Any CPU
		{D0F84DE5-F14D-4E1C-94B8-53EA0A06791A}.Debug|Any CPU.ActiveCfg = Debug|Any CPU
		{D0F84DE5-F14D-4E1C-94B8-53EA0A06791A}.Debug|Any CPU.Build.0 = Debug|Any CPU
		{D0F84DE5-F14D-4E1C-94B8-53EA0A06791A}.Release|Any CPU.ActiveCfg = Release|Any CPU
		{D0F84DE5-F14D-4E1C-94B8-53EA0A06791A}.Release|Any CPU.Build.0 = Release|Any CPU
		{62C53FB5-1542-4C24-89A7-43F9A62C8002}.Debug|Any CPU.ActiveCfg = Debug|Any CPU
		{62C53FB5-1542-4C24-89A7-43F9A62C8002}.Debug|Any CPU.Build.0 = Debug|Any CPU
		{62C53FB5-1542-4C24-89A7-43F9A62C8002}.Release|Any CPU.ActiveCfg = Release|Any CPU
		{62C53FB5-1542-4C24-89A7-43F9A62C8002}.Release|Any CPU.Build.0 = Release|Any CPU
	EndGlobalSection
	GlobalSection(SolutionProperties) = preSolution
		HideSolutionNode = FALSE
	EndGlobalSection
	GlobalSection(ExtensibilityGlobals) = postSolution
		SolutionGuid = {7DF94677-3A66-4300-87D5-05414D83D631}
	EndGlobalSection
EndGlobal
